
Microsoft Visual Studio Solution File, Format Version 12.00
# Visual Studio 14
VisualStudioVersion = 14.0.25420.1
MinimumVisualStudioVersion = 10.0.40219.1
Project("{FAE04EC0-301F-11D3-BF4B-00C04F79EFBC}") = "TerminatorCSharp", "TerminatorCSharp\TerminatorCSharp.csproj", "{44907978-44A6-47E6-8C91-BA75BB1E30D3}"
EndProject
Project("{FAE04EC0-301F-11D3-BF4B-00C04F79EFBC}") = "TerminatorModel", "TerminatorModel\TerminatorModel.csproj", "{BC2AF6FA-2F62-4090-B12A-0D800E3AD290}"
EndProject
Global
	GlobalSection(SolutionConfigurationPlatforms) = preSolution
		Debug|Any CPU = Debug|Any CPU
		Release|Any CPU = Release|Any CPU
	EndGlobalSection
	GlobalSection(ProjectConfigurationPlatforms) = postSolution
		{44907978-44A6-47E6-8C91-BA75BB1E30D3}.Debug|Any CPU.ActiveCfg = Debug|Any CPU
		{44907978-44A6-47E6-8C91-BA75BB1E30D3}.Debug|Any CPU.Build.0 = Debug|Any CPU
		{44907978-44A6-47E6-8C91-BA75BB1E30D3}.Release|Any CPU.ActiveCfg = Release|Any CPU
		{44907978-44A6-47E6-8C91-BA75BB1E30D3}.Release|Any CPU.Build.0 = Release|Any CPU
		{BC2AF6FA-2F62-4090-B12A-0D800E3AD290}.Debug|Any CPU.ActiveCfg = Debug|Any CPU
		{BC2AF6FA-2F62-4090-B12A-0D800E3AD290}.Debug|Any CPU.Build.0 = Debug|Any CPU
		{BC2AF6FA-2F62-4090-B12A-0D800E3AD290}.Release|Any CPU.ActiveCfg = Release|Any CPU
		{BC2AF6FA-2F62-4090-B12A-0D800E3AD290}.Release|Any CPU.Build.0 = Release|Any CPU
	EndGlobalSection
	GlobalSection(SolutionProperties) = preSolution
		HideSolutionNode = FALSE
	EndGlobalSection
EndGlobal
